
Microsoft Visual Studio Solution File, Format Version 12.00
# Visual Studio Version 17
VisualStudioVersion = 17.4.33213.308
MinimumVisualStudioVersion = 10.0.40219.1
Project("{9A19103F-16F7-4668-BE54-9A1E7A4F7556}") = "DXF", "DXF\DXF.csproj", "{71653670-4768-47D4-AC1F-49E7883C3128}"
EndProject
Project("{9A19103F-16F7-4668-BE54-9A1E7A4F7556}") = "CalculateDXFs", "CalculateDXFs\CalculateDXFs.csproj", "{409D04A6-3E9E-422E-80B0-466CAFB14A12}"
EndProject
Global
	GlobalSection(SolutionConfigurationPlatforms) = preSolution
		Debug|Any CPU = Debug|Any CPU
		Release|Any CPU = Release|Any CPU
	EndGlobalSection
	GlobalSection(ProjectConfigurationPlatforms) = postSolution
		{71653670-4768-47D4-AC1F-49E7883C3128}.Debug|Any CPU.ActiveCfg = Debug|Any CPU
		{71653670-4768-47D4-AC1F-49E7883C3128}.Debug|Any CPU.Build.0 = Debug|Any CPU
		{71653670-4768-47D4-AC1F-49E7883C3128}.Release|Any CPU.ActiveCfg = Release|Any CPU
		{71653670-4768-47D4-AC1F-49E7883C3128}.Release|Any CPU.Build.0 = Release|Any CPU
		{409D04A6-3E9E-422E-80B0-466CAFB14A12}.Debug|Any CPU.ActiveCfg = Debug|Any CPU
		{409D04A6-3E9E-422E-80B0-466CAFB14A12}.Debug|Any CPU.Build.0 = Debug|Any CPU
		{409D04A6-3E9E-422E-80B0-466CAFB14A12}.Release|Any CPU.ActiveCfg = Release|Any CPU
		{409D04A6-3E9E-422E-80B0-466CAFB14A12}.Release|Any CPU.Build.0 = Release|Any CPU
	EndGlobalSection
	GlobalSection(SolutionProperties) = preSolution
		HideSolutionNode = FALSE
	EndGlobalSection
	GlobalSection(ExtensibilityGlobals) = postSolution
		SolutionGuid = {F1675B93-5ED9-46C6-8D25-4F270CDC2911}
	EndGlobalSection
EndGlobal
